
Microsoft Visual Studio Solution File, Format Version 12.00
# Visual Studio Version 17
VisualStudioVersion = 17.2.32616.157
MinimumVisualStudioVersion = 10.0.40219.1
Project("{2150E333-8FDC-42A3-9474-1A3956D46DE8}") = "src", "src", "{AB27C649-AD2A-416E-995A-53F4C7A4DDBD}"
EndProject
Project("{2150E333-8FDC-42A3-9474-1A3956D46DE8}") = "Bootstrapper", "Bootstrapper", "{0481B528-9BC4-4AF7-89DB-9EE46D4FB3A2}"
EndProject
Project("{9A19103F-16F7-4668-BE54-9A1E7A4F7556}") = "Base.Bootstrapper", "src\Bootstrapper\Base.Bootstrapper\Base.Bootstrapper.csproj", "{88D5C78C-12AE-42E5-916E-05518358631B}"
EndProject
Project("{2150E333-8FDC-42A3-9474-1A3956D46DE8}") = "Shared", "Shared", "{B2078093-7C6E-42E6-9130-90236B9D2568}"
EndProject
Project("{9A19103F-16F7-4668-BE54-9A1E7A4F7556}") = "Base.Shared", "src\Shared\Base.Shared\Base.Shared.csproj", "{68B13DE9-AC67-4B4F-B155-ACBB8A507CD2}"
EndProject
Project("{2150E333-8FDC-42A3-9474-1A3956D46DE8}") = "Modules", "Modules", "{F70A8E05-45F1-4923-B3B6-ECCDA89C1DD8}"
EndProject
Project("{2150E333-8FDC-42A3-9474-1A3956D46DE8}") = "Companies", "Companies", "{E1389F2B-BE78-42DD-9196-07D726BADE75}"
EndProject
Project("{2150E333-8FDC-42A3-9474-1A3956D46DE8}") = "Users", "Users", "{600FDD2D-7C4E-41DA-81F0-3BB55CDD96AA}"
EndProject
Project("{2150E333-8FDC-42A3-9474-1A3956D46DE8}") = "ClientApp", "ClientApp", "{2FD861E6-46E2-4ED6-B348-C7D7720F17D6}"
EndProject
Project("{9A19103F-16F7-4668-BE54-9A1E7A4F7556}") = "Base.ClientApp", "src\ClientApp\Base.ClientApp\Base.ClientApp.csproj", "{90D7B57D-B567-44C3-ADD5-3DBACD8235B0}"
EndProject
Project("{FAE04EC0-301F-11D3-BF4B-00C04F79EFBC}") = "Base.Modules.Users", "src\Modules\Users\Base.Modules.Users\Base.Modules.Users.csproj", "{CA5CCBD8-58C4-4547-9EE3-FAC24E3A4B0B}"
EndProject
Project("{FAE04EC0-301F-11D3-BF4B-00C04F79EFBC}") = "Base.Modules.Companies", "src\Modules\Companies\Base.Modules.Companies\Base.Modules.Companies.csproj", "{E6996579-CCB3-4258-A4A2-2B627A807280}"
EndProject
Global
	GlobalSection(SolutionConfigurationPlatforms) = preSolution
		Debug|Any CPU = Debug|Any CPU
		Release|Any CPU = Release|Any CPU
	EndGlobalSection
	GlobalSection(ProjectConfigurationPlatforms) = postSolution
		{88D5C78C-12AE-42E5-916E-05518358631B}.Debug|Any CPU.ActiveCfg = Debug|Any CPU
		{88D5C78C-12AE-42E5-916E-05518358631B}.Debug|Any CPU.Build.0 = Debug|Any CPU
		{88D5C78C-12AE-42E5-916E-05518358631B}.Release|Any CPU.ActiveCfg = Release|Any CPU
		{88D5C78C-12AE-42E5-916E-05518358631B}.Release|Any CPU.Build.0 = Release|Any CPU
		{68B13DE9-AC67-4B4F-B155-ACBB8A507CD2}.Debug|Any CPU.ActiveCfg = Debug|Any CPU
		{68B13DE9-AC67-4B4F-B155-ACBB8A507CD2}.Debug|Any CPU.Build.0 = Debug|Any CPU
		{68B13DE9-AC67-4B4F-B155-ACBB8A507CD2}.Release|Any CPU.ActiveCfg = Release|Any CPU
		{68B13DE9-AC67-4B4F-B155-ACBB8A507CD2}.Release|Any CPU.Build.0 = Release|Any CPU
		{90D7B57D-B567-44C3-ADD5-3DBACD8235B0}.Debug|Any CPU.ActiveCfg = Debug|Any CPU
		{90D7B57D-B567-44C3-ADD5-3DBACD8235B0}.Debug|Any CPU.Build.0 = Debug|Any CPU
		{90D7B57D-B567-44C3-ADD5-3DBACD8235B0}.Release|Any CPU.ActiveCfg = Release|Any CPU
		{90D7B57D-B567-44C3-ADD5-3DBACD8235B0}.Release|Any CPU.Build.0 = Release|Any CPU
		{CA5CCBD8-58C4-4547-9EE3-FAC24E3A4B0B}.Debug|Any CPU.ActiveCfg = Debug|Any CPU
		{CA5CCBD8-58C4-4547-9EE3-FAC24E3A4B0B}.Debug|Any CPU.Build.0 = Debug|Any CPU
		{CA5CCBD8-58C4-4547-9EE3-FAC24E3A4B0B}.Release|Any CPU.ActiveCfg = Release|Any CPU
		{CA5CCBD8-58C4-4547-9EE3-FAC24E3A4B0B}.Release|Any CPU.Build.0 = Release|Any CPU
		{E6996579-CCB3-4258-A4A2-2B627A807280}.Debug|Any CPU.ActiveCfg = Debug|Any CPU
		{E6996579-CCB3-4258-A4A2-2B627A807280}.Debug|Any CPU.Build.0 = Debug|Any CPU
		{E6996579-CCB3-4258-A4A2-2B627A807280}.Release|Any CPU.ActiveCfg = Release|Any CPU
		{E6996579-CCB3-4258-A4A2-2B627A807280}.Release|Any CPU.Build.0 = Release|Any CPU
	EndGlobalSection
	GlobalSection(SolutionProperties) = preSolution
		HideSolutionNode = FALSE
	EndGlobalSection
	GlobalSection(NestedProjects) = preSolution
		{0481B528-9BC4-4AF7-89DB-9EE46D4FB3A2} = {AB27C649-AD2A-416E-995A-53F4C7A4DDBD}
		{88D5C78C-12AE-42E5-916E-05518358631B} = {0481B528-9BC4-4AF7-89DB-9EE46D4FB3A2}
		{B2078093-7C6E-42E6-9130-90236B9D2568} = {AB27C649-AD2A-416E-995A-53F4C7A4DDBD}
		{68B13DE9-AC67-4B4F-B155-ACBB8A507CD2} = {B2078093-7C6E-42E6-9130-90236B9D2568}
		{F70A8E05-45F1-4923-B3B6-ECCDA89C1DD8} = {AB27C649-AD2A-416E-995A-53F4C7A4DDBD}
		{E1389F2B-BE78-42DD-9196-07D726BADE75} = {F70A8E05-45F1-4923-B3B6-ECCDA89C1DD8}
		{600FDD2D-7C4E-41DA-81F0-3BB55CDD96AA} = {F70A8E05-45F1-4923-B3B6-ECCDA89C1DD8}
		{2FD861E6-46E2-4ED6-B348-C7D7720F17D6} = {AB27C649-AD2A-416E-995A-53F4C7A4DDBD}
		{90D7B57D-B567-44C3-ADD5-3DBACD8235B0} = {2FD861E6-46E2-4ED6-B348-C7D7720F17D6}
		{CA5CCBD8-58C4-4547-9EE3-FAC24E3A4B0B} = {600FDD2D-7C4E-41DA-81F0-3BB55CDD96AA}
		{E6996579-CCB3-4258-A4A2-2B627A807280} = {E1389F2B-BE78-42DD-9196-07D726BADE75}
	EndGlobalSection
	GlobalSection(ExtensibilityGlobals) = postSolution
		SolutionGuid = {B8D02C5E-8EAD-453E-B4D7-B5EAF5C7AEE1}
	EndGlobalSection
EndGlobal
